
Microsoft Visual Studio Solution File, Format Version 12.00
# Visual Studio Version 17
VisualStudioVersion = 17.3.32901.215
MinimumVisualStudioVersion = 10.0.40219.1
Project("{FAE04EC0-301F-11D3-BF4B-00C04F79EFBC}") = "курсач_орел_и_решка_ИИ", "курсач_орел_и_решка_ИИ.csproj", "{EEE4BDD4-A312-4C36-B893-7811F3EBA142}"
EndProject
Global
	GlobalSection(SolutionConfigurationPlatforms) = preSolution
		Debug|Any CPU = Debug|Any CPU
		Release|Any CPU = Release|Any CPU
	EndGlobalSection
	GlobalSection(ProjectConfigurationPlatforms) = postSolution
		{EEE4BDD4-A312-4C36-B893-7811F3EBA142}.Debug|Any CPU.ActiveCfg = Debug|Any CPU
		{EEE4BDD4-A312-4C36-B893-7811F3EBA142}.Debug|Any CPU.Build.0 = Debug|Any CPU
		{EEE4BDD4-A312-4C36-B893-7811F3EBA142}.Release|Any CPU.ActiveCfg = Release|Any CPU
		{EEE4BDD4-A312-4C36-B893-7811F3EBA142}.Release|Any CPU.Build.0 = Release|Any CPU
	EndGlobalSection
	GlobalSection(SolutionProperties) = preSolution
		HideSolutionNode = FALSE
	EndGlobalSection
	GlobalSection(ExtensibilityGlobals) = postSolution
		SolutionGuid = {3DB89D7C-539E-4466-8AC4-9CDF9E052101}
	EndGlobalSection
EndGlobal
